// !$*UTF8*$!
{
	archiveVersion = 1;
	classes = {
	};
	objectVersion = 46;
	objects = {

/* Begin PBXBuildFile section */
		8D837F0D1DCBDA96004A64A2 /* Color Model.swift in Sources */ = {isa = PBXBuildFile; fileRef = 8D837F0C1DCBDA96004A64A2 /* Color Model.swift */; };
		8DC0E7131DC98EEC00A10911 /* Model.swift in Sources */ = {isa = PBXBuildFile; fileRef = 8DC0E7121DC98EEC00A10911 /* Model.swift */; };
		8DFE2D8C1DC901A9003415CC /* AppDelegate.swift in Sources */ = {isa = PBXBuildFile; fileRef = 8DFE2D8B1DC901A9003415CC /* AppDelegate.swift */; };
		8DFE2D8E1DC901A9003415CC /* ViewController.swift in Sources */ = {isa = PBXBuildFile; fileRef = 8DFE2D8D1DC901A9003415CC /* ViewController.swift */; };
		8DFE2D911DC901A9003415CC /* Main.storyboard in Resources */ = {isa = PBXBuildFile; fileRef = 8DFE2D8F1DC901A9003415CC /* Main.storyboard */; };
		8DFE2D931DC901A9003415CC /* Assets.xcassets in Resources */ = {isa = PBXBuildFile; fileRef = 8DFE2D921DC901A9003415CC /* Assets.xcassets */; };
		8DFE2D961DC901A9003415CC /* LaunchScreen.storyboard in Resources */ = {isa = PBXBuildFile; fileRef = 8DFE2D941DC901A9003415CC /* LaunchScreen.storyboard */; };
/* End PBXBuildFile section */

/* Begin PBXFileReference section */
		8D837F0C1DCBDA96004A64A2 /* Color Model.swift */ = {isa = PBXFileReference; fileEncoding = 4; lastKnownFileType = sourcecode.swift; path = "Color Model.swift"; sourceTree = "<group>"; };
		8DC0E7121DC98EEC00A10911 /* Model.swift */ = {isa = PBXFileReference; fileEncoding = 4; lastKnownFileType = sourcecode.swift; path = Model.swift; sourceTree = "<group>"; };
		8DFE2D881DC901A9003415CC /* FunFacts.app */ = {isa = PBXFileReference; explicitFileType = wrapper.application; includeInIndex = 0; path = FunFacts.app; sourceTree = BUILT_PRODUCTS_DIR; };
		8DFE2D8B1DC901A9003415CC /* AppDelegate.swift */ = {isa = PBXFileReference; lastKnownFileType = sourcecode.swift; path = AppDelegate.swift; sourceTree = "<group>"; };
		8DFE2D8D1DC901A9003415CC /* ViewController.swift */ = {isa = PBXFileReference; lastKnownFileType = sourcecode.swift; path = ViewController.swift; sourceTree = "<group>"; };
		8DFE2D901DC901A9003415CC /* Base */ = {isa = PBXFileReference; lastKnownFileType = file.storyboard; name = Base; path = Base.lproj/Main.storyboard; sourceTree = "<group>"; };
		8DFE2D921DC901A9003415CC /* Assets.xcassets */ = {isa = PBXFileReference; lastKnownFileType = folder.assetcatalog; path = Assets.xcassets; sourceTree = "<group>"; };
		8DFE2D951DC901A9003415CC /* Base */ = {isa = PBXFileReference; lastKnownFileType = file.storyboard; name = Base; path = Base.lproj/LaunchScreen.storyboard; sourceTree = "<group>"; };
		8DFE2D971DC901A9003415CC /* Info.plist */ = {isa = PBXFileReference; lastKnownFileType = text.plist.xml; path = Info.plist; sourceTree = "<group>"; };
/* End PBXFileReference section */

/* Begin PBXFrameworksBuildPhase section */
		8DFE2D851DC901A9003415CC /* Frameworks */ = {
			isa = PBXFrameworksBuildPhase;
			buildActionMask = 2147483647;
			files = (
			);
			runOnlyForDeploymentPostprocessing = 0;
		};
/* End PBXFrameworksBuildPhase section */

/* Begin PBXGroup section */
		8DFE2D7F1DC901A9003415CC = {
			isa = PBXGroup;
			children = (
				8DFE2D8A1DC901A9003415CC /* FunFacts */,
				8DFE2D891DC901A9003415CC /* Products */,
			);
			sourceTree = "<group>";
		};
		8DFE2D891DC901A9003415CC /* Products */ = {
			isa = PBXGroup;
			children = (
				8DFE2D881DC901A9003415CC /* FunFacts.app */,
			);
			name = Products;
			sourceTree = "<group>";
		};
		8DFE2D8A1DC901A9003415CC /* FunFacts */ = {
			isa = PBXGroup;
			children = (
				8DFE2D8B1DC901A9003415CC /* AppDelegate.swift */,
				8DFE2D8D1DC901A9003415CC /* ViewController.swift */,
				8DFE2D8F1DC901A9003415CC /* Main.storyboard */,
				8DC0E7121DC98EEC00A10911 /* Model.swift */,
				8D837F0C1DCBDA96004A64A2 /* Color Model.swift */,
				8DFE2D921DC901A9003415CC /* Assets.xcassets */,
				8DFE2D941DC901A9003415CC /* LaunchScreen.storyboard */,
				8DFE2D971DC901A9003415CC /* Info.plist */,
			);
			path = FunFacts;
			sourceTree = "<group>";
		};
/* End PBXGroup section */

/* Begin PBXNativeTarget section */
		8DFE2D871DC901A9003415CC /* FunFacts */ = {
			isa = PBXNativeTarget;
			buildConfigurationList = 8DFE2D9A1DC901A9003415CC /* Build configuration list for PBXNativeTarget "FunFacts" */;
			buildPhases = (
				8DFE2D841DC901A9003415CC /* Sources */,
				8DFE2D851DC901A9003415CC /* Frameworks */,
				8DFE2D861DC901A9003415CC /* Resources */,
			);
			buildRules = (
			);
			dependencies = (
			);
			name = FunFacts;
			productName = FunFacts;
			productReference = 8DFE2D881DC901A9003415CC /* FunFacts.app */;
			productType = "com.apple.product-type.application";
		};
/* End PBXNativeTarget section */

/* Begin PBXProject section */
		8DFE2D801DC901A9003415CC /* Project object */ = {
			isa = PBXProject;
			attributes = {
				LastSwiftUpdateCheck = 0730;
				LastUpgradeCheck = 0810;
				ORGANIZATIONNAME = "Julian Lavoie";
				TargetAttributes = {
					8DFE2D871DC901A9003415CC = {
						CreatedOnToolsVersion = 7.3.1;
						DevelopmentTeam = 6FV4R6SUXT;
						LastSwiftMigration = 0810;
					};
				};
			};
			buildConfigurationList = 8DFE2D831DC901A9003415CC /* Build configuration list for PBXProject "FunFacts" */;
			compatibilityVersion = "Xcode 3.2";
			developmentRegion = English;
			hasScannedForEncodings = 0;
			knownRegions = (
				en,
				Base,
			);
			mainGroup = 8DFE2D7F1DC901A9003415CC;
			productRefGroup = 8DFE2D891DC901A9003415CC /* Products */;
			projectDirPath = "";
			projectRoot = "";
			targets = (
				8DFE2D871DC901A9003415CC /* FunFacts */,
			);
		};
/* End PBXProject section */

/* Begin PBXResourcesBuildPhase section */
		8DFE2D861DC901A9003415CC /* Resources */ = {
			isa = PBXResourcesBuildPhase;
			buildActionMask = 2147483647;
			files = (
				8DFE2D961DC901A9003415CC /* LaunchScreen.storyboard in Resources */,
				8DFE2D931DC901A9003415CC /* Assets.xcassets in Resources */,
				8DFE2D911DC901A9003415CC /* Main.storyboard in Resources */,
			);
			runOnlyForDeploymentPostprocessing = 0;
		};
/* End PBXResourcesBuildPhase section */

/* Begin PBXSourcesBuildPhase section */
		8DFE2D841DC901A9003415CC /* Sources */ = {
			isa = PBXSourcesBuildPhase;
			buildActionMask = 2147483647;
			files = (
				8D837F0D1DCBDA96004A64A2 /* Color Model.swift in Sources */,
				8DFE2D8E1DC901A9003415CC /* ViewController.swift in Sources */,
				8DC0E7131DC98EEC00A10911 /* Model.swift in Sources */,
				8DFE2D8C1DC901A9003415CC /* AppDelegate.swift in Sources */,
			);
			runOnlyForDeploymentPostprocessing = 0;
		};
/* End PBXSourcesBuildPhase section */

/* Begin PBXVariantGroup section */
		8DFE2D8F1DC901A9003415CC /* Main.storyboard */ = {
			isa = PBXVariantGroup;
			children = (
				8DFE2D901DC901A9003415CC /* Base */,
			);
			name = Main.storyboard;
			sourceTree = "<group>";
		};
		8DFE2D941DC901A9003415CC /* LaunchScreen.storyboard */ = {
			isa = PBXVariantGroup;
			children = (
				8DFE2D951DC901A9003415CC /* Base */,
			);
			name = LaunchScreen.storyboard;
			sourceTree = "<group>";
		};
/* End PBXVariantGroup section */

/* Begin XCBuildConfiguration section */
		8DFE2D981DC901A9003415CC /* Debug */ = {
			isa = XCBuildConfiguration;
			buildSettings = {
				ALWAYS_SEARCH_USER_PATHS = NO;
				CLANG_ANALYZER_NONNULL = YES;
				CLANG_CXX_LANGUAGE_STANDARD = "gnu++0x";
				CLANG_CXX_LIBRARY = "libc++";
				CLANG_ENABLE_MODULES = YES;
				CLANG_ENABLE_OBJC_ARC = YES;
				CLANG_WARN_BOOL_CONVERSION = YES;
				CLANG_WARN_CONSTANT_CONVERSION = YES;
				CLANG_WARN_DIRECT_OBJC_ISA_USAGE = YES_ERROR;
				CLANG_WARN_EMPTY_BODY = YES;
				CLANG_WARN_ENUM_CONVERSION = YES;
				CLANG_WARN_INFINITE_RECURSION = YES;
				CLANG_WARN_INT_CONVERSION = YES;
				CLANG_WARN_OBJC_ROOT_CLASS = YES_ERROR;
				CLANG_WARN_SUSPICIOUS_MOVE = YES;
				CLANG_WARN_UNREACHABLE_CODE = YES;
				CLANG_WARN__DUPLICATE_METHOD_MATCH = YES;
				"CODE_SIGN_IDENTITY[sdk=iphoneos*]" = "iPhone Developer";
				COPY_PHASE_STRIP = NO;
				DEBUG_INFORMATION_FORMAT = dwarf;
				DEVELOPMENT_TEAM = 6FV4R6SUXT;
				ENABLE_STRICT_OBJC_MSGSEND = YES;
				ENABLE_TESTABILITY = YES;
				GCC_C_LANGUAGE_STANDARD = gnu99;
				GCC_DYNAMIC_NO_PIC = NO;
				GCC_NO_COMMON_BLOCKS = YES;
				GCC_OPTIMIZATION_LEVEL = 0;
				GCC_PREPROCESSOR_DEFINITIONS = (
					"DEBUG=1",
					"$(inherited)",
				);
				GCC_WARN_64_TO_32_BIT_CONVERSION = YES;
				GCC_WARN_ABOUT_RETURN_TYPE = YES_ERROR;
				GCC_WARN_UNDECLARED_SELECTOR = YES;
				GCC_WARN_UNINITIALIZED_AUTOS = YES_AGGRESSIVE;
				GCC_WARN_UNUSED_FUNCTION = YES;
				GCC_WARN_UNUSED_VARIABLE = YES;
				IPHONEOS_DEPLOYMENT_TARGET = 10.0;
				MTL_ENABLE_DEBUG_INFO = YES;
				ONLY_ACTIVE_ARCH = YES;
				SDKROOT = iphoneos;
				SWIFT_OPTIMIZATION_LEVEL = "-Onone";
			};
			name = Debug;
		};
		8DFE2D991DC901A9003415CC /* Release */ = {
			isa = XCBuildConfiguration;
			buildSettings = {
				ALWAYS_SEARCH_USER_PATHS = NO;
				CLANG_ANALYZER_NONNULL = YES;
				CLANG_CXX_LANGUAGE_STANDARD = "gnu++0x";
				CLANG_CXX_LIBRARY = "libc++";
				CLANG_ENABLE_MODULES = YES;
				CLANG_ENABLE_OBJC_ARC = YES;
				CLANG_WARN_BOOL_CONVERSION = YES;
				CLANG_WARN_CONSTANT_CONVERSION = YES;
				CLANG_WARN_DIRECT_OBJC_ISA_USAGE = YES_ERROR;
				CLANG_WARN_EMPTY_BODY = YES;
				CLANG_WARN_ENUM_CONVERSION = YES;
				CLANG_WARN_INFINITE_RECURSION = YES;
				CLANG_WARN_INT_CONVERSION = YES;
				CLANG_WARN_OBJC_ROOT_CLASS = YES_ERROR;
				CLANG_WARN_SUSPICIOUS_MOVE = YES;
				CLANG_WARN_UNREACHABLE_CODE = YES;
				CLANG_WARN__DUPLICATE_METHOD_MATCH = YES;
				"CODE_SIGN_IDENTITY[sdk=iphoneos*]" = "iPhone Developer";
				COPY_PHASE_STRIP = NO;
				DEBUG_INFORMATION_FORMAT = "dwarf-with-dsym";
				DEVELOPMENT_TEAM = 6FV4R6SUXT;
				ENABLE_NS_ASSERTIONS = NO;
				ENABLE_STRICT_OBJC_MSGSEND = YES;
				GCC_C_LANGUAGE_STANDARD = gnu99;
				GCC_NO_COMMON_BLOCKS = YES;
				GCC_WARN_64_TO_32_BIT_CONVERSION = YES;
				GCC_WARN_ABOUT_RETURN_TYPE = YES_ERROR;
				GCC_WARN_UNDECLARED_SELECTOR = YES;
				GCC_WARN_UNINITIALIZED_AUTOS = YES_AGGRESSIVE;
				GCC_WARN_UNUSED_FUNCTION = YES;
				GCC_WARN_UNUSED_VARIABLE = YES;
				IPHONEOS_DEPLOYMENT_TARGET = 10.0;
				MTL_ENABLE_DEBUG_INFO = NO;
				SDKROOT = iphoneos;
				SWIFT_OPTIMIZATION_LEVEL = "-Owholemodule";
				VALIDATE_PRODUCT = YES;
			};
			name = Release;
		};
		8DFE2D9B1DC901A9003415CC /* Debug */ = {
			isa = XCBuildConfiguration;
			buildSettings = {
				ASSETCATALOG_COMPILER_APPICON_NAME = AppIcon;
				INFOPLIST_FILE = FunFacts/Info.plist;
				IPHONEOS_DEPLOYMENT_TARGET = 9.3;
				LD_RUNPATH_SEARCH_PATHS = "$(inherited) @executable_path/Frameworks";
				PRODUCT_BUNDLE_IDENTIFIER = com.julianlavoie.FunFacts;
				PRODUCT_NAME = "$(TARGET_NAME)";
				SWIFT_VERSION = 2.3;
			};
			name = Debug;
		};
		8DFE2D9C1DC901A9003415CC /* Release */ = {
			isa = XCBuildConfiguration;
			buildSettings = {
				ASSETCATALOG_COMPILER_APPICON_NAME = AppIcon;
				INFOPLIST_FILE = FunFacts/Info.plist;
				IPHONEOS_DEPLOYMENT_TARGET = 9.3;
				LD_RUNPATH_SEARCH_PATHS = "$(inherited) @executable_path/Frameworks";
				PRODUCT_BUNDLE_IDENTIFIER = com.julianlavoie.FunFacts;
				PRODUCT_NAME = "$(TARGET_NAME)";
				SWIFT_VERSION = 2.3;
			};
			name = Release;
		};
/* End XCBuildConfiguration section */

/* Begin XCConfigurationList section */
		8DFE2D831DC901A9003415CC /* Build configuration list for PBXProject "FunFacts" */ = {
			isa = XCConfigurationList;
			buildConfigurations = (
				8DFE2D981DC901A9003415CC /* Debug */,
				8DFE2D991DC901A9003415CC /* Release */,
			);
			defaultConfigurationIsVisible = 0;
			defaultConfigurationName = Release;
		};
		8DFE2D9A1DC901A9003415CC /* Build configuration list for PBXNativeTarget "FunFacts" */ = {
			isa = XCConfigurationList;
			buildConfigurations = (
				8DFE2D9B1DC901A9003415CC /* Debug */,
				8DFE2D9C1DC901A9003415CC /* Release */,
			);
			defaultConfigurationIsVisible = 0;
			defaultConfigurationName = Release;
		};
/* End XCConfigurationList section */
	};
	rootObject = 8DFE2D801DC901A9003415CC /* Project object */;
}
